{
  "name": "myResume-new",
  "lockfileVersion": 3,
  "requires": true,
  "packages": {
    "": {
      "dependencies": {
        "sticky-kit": "^1.1.3"
      }
    },
    "node_modules/sticky-kit": {
      "version": "1.1.3",
      "resolved": "https://registry.npmjs.org/sticky-kit/-/sticky-kit-1.1.3.tgz",
      "integrity": "sha512-3TTTqSvKP/wfgXuEY444fwN5w1jsN35PIh1yIg2/1vCNmKJh+PRAXUhvSnZqjddOq86WtpL9slNm+BcEXBrteA=="
    }
  }
}
